lockfileVersion: '9.0'

settings:
  autoInstallPeers: true
  excludeLinksFromLockfile: false

importers:

  .:
    dependencies:
      mousetrap:
        specifier: ^1.6.5
        version: 1.6.5
    devDependencies:
      '@types/mousetrap':
        specifier: ^1.6.15
        version: 1.6.15
      oxfmt:
        specifier: ^0.22.0
        version: 0.22.0
      oxlint:
        specifier: ^1.37.0
        version: 1.37.0
      typescript:
        specifier: ^5.9.3
        version: 5.9.3
      vite:
        specifier: ^7.3.2
        version: 7.3.2(terser@5.31.1)

packages:

  '@esbuild/aix-ppc64@0.27.7':
    resolution: {integrity: sha512-EKX3Qwmhz1eMdEJokhALr0YiD0lhQNwDqkPYyPhiSwKrh7/4KRjQc04sZ8db+5DVVnZ1LmbNDI1uAMPEUBnQPg==}
    engines: {node: '>=18'}
    cpu: [ppc64]
    os: [aix]

  '@esbuild/android-arm64@0.27.7':
    resolution: {integrity: sha512-62dPZHpIXzvChfvfLJow3q5dDtiNMkwiRzPylSCfriLvZeq0a1bWChrGx/BbUbPwOrsWKMn8idSllklzBy+dgQ==}
    engines: {node: '>=18'}
    cpu: [arm64]
    os: [android]

  '@esbuild/android-arm@0.27.7':
    resolution: {integrity: sha512-jbPXvB4Yj2yBV7HUfE2KHe4GJX51QplCN1pGbYjvsyCZbQmies29EoJbkEc+vYuU5o45AfQn37vZlyXy4YJ8RQ==}
    engines: {node: '>=18'}
    cpu: [arm]
    os: [android]

  '@esbuild/android-x64@0.27.7':
    resolution: {integrity: sha512-x5VpMODneVDb70PYV2VQOmIUUiBtY3D3mPBG8NxVk5CogneYhkR7MmM3yR/uMdITLrC1ml/NV1rj4bMJuy9MCg==}
    engines: {node: '>=18'}
    cpu: [x64]
    os: [android]

  '@esbuild/darwin-arm64@0.27.7':
    resolution: {integrity: sha512-5lckdqeuBPlKUwvoCXIgI2D9/ABmPq3Rdp7IfL70393YgaASt7tbju3Ac+ePVi3KDH6N2RqePfHnXkaDtY9fkw==}
    engines: {node: '>=18'}
    cpu: [arm64]
    os: [darwin]

  '@esbuild/darwin-x64@0.27.7':
    resolution: {integrity: sha512-rYnXrKcXuT7Z+WL5K980jVFdvVKhCHhUwid+dDYQpH+qu+TefcomiMAJpIiC2EM3Rjtq0sO3StMV/+3w3MyyqQ==}
    engines: {node: '>=18'}
    cpu: [x64]
    os: [darwin]

  '@esbuild/freebsd-arm64@0.27.7':
    resolution: {integrity: sha512-B48PqeCsEgOtzME2GbNM2roU29AMTuOIN91dsMO30t+Ydis3z/3Ngoj5hhnsOSSwNzS+6JppqWsuhTp6E82l2w==}
    engines: {node: '>=18'}
    cpu: [arm64]
    os: [freebsd]

  '@esbuild/freebsd-x64@0.27.7':
    resolution: {integrity: sha512-jOBDK5XEjA4m5IJK3bpAQF9/Lelu/Z9ZcdhTRLf4cajlB+8VEhFFRjWgfy3M1O4rO2GQ/b2dLwCUGpiF/eATNQ==}
    engines: {node: '>=18'}
    cpu: [x64]
    os: [freebsd]

  '@esbuild/linux-arm64@0.27.7':
    resolution: {integrity: sha512-RZPHBoxXuNnPQO9rvjh5jdkRmVizktkT7TCDkDmQ0W2SwHInKCAV95GRuvdSvA7w4VMwfCjUiPwDi0ZO6Nfe9A==}
    engines: {node: '>=18'}
    cpu: [arm64]
    os: [linux]

  '@esbuild/linux-arm@0.27.7':
    resolution: {integrity: sha512-RkT/YXYBTSULo3+af8Ib0ykH8u2MBh57o7q/DAs3lTJlyVQkgQvlrPTnjIzzRPQyavxtPtfg0EopvDyIt0j1rA==}
    engines: {node: '>=18'}
    cpu: [arm]
    os: [linux]

  '@esbuild/linux-ia32@0.27.7':
    resolution: {integrity: sha512-GA48aKNkyQDbd3KtkplYWT102C5sn/EZTY4XROkxONgruHPU72l+gW+FfF8tf2cFjeHaRbWpOYa/uRBz/Xq1Pg==}
    engines: {node: '>=18'}
    cpu: [ia32]
    os: [linux]

  '@esbuild/linux-loong64@0.27.7':
    resolution: {integrity: sha512-a4POruNM2oWsD4WKvBSEKGIiWQF8fZOAsycHOt6JBpZ+JN2n2JH9WAv56SOyu9X5IqAjqSIPTaJkqN8F7XOQ5Q==}
    engines: {node: '>=18'}
    cpu: [loong64]
    os: [linux]

  '@esbuild/linux-mips64el@0.27.7':
    resolution: {integrity: sha512-KabT5I6StirGfIz0FMgl1I+R1H73Gp0ofL9A3nG3i/cYFJzKHhouBV5VWK1CSgKvVaG4q1RNpCTR2LuTVB3fIw==}
    engines: {node: '>=18'}
    cpu: [mips64el]
    os: [linux]

  '@esbuild/linux-ppc64@0.27.7':
    resolution: {integrity: sha512-gRsL4x6wsGHGRqhtI+ifpN/vpOFTQtnbsupUF5R5YTAg+y/lKelYR1hXbnBdzDjGbMYjVJLJTd2OFmMewAgwlQ==}
    engines: {node: '>=18'}
    cpu: [ppc64]
    os: [linux]

  '@esbuild/linux-riscv64@0.27.7':
    resolution: {integrity: sha512-hL25LbxO1QOngGzu2U5xeXtxXcW+/GvMN3ejANqXkxZ/opySAZMrc+9LY/WyjAan41unrR3YrmtTsUpwT66InQ==}
    engines: {node: '>=18'}
    cpu: [riscv64]
    os: [linux]

  '@esbuild/linux-s390x@0.27.7':
    resolution: {integrity: sha512-2k8go8Ycu1Kb46vEelhu1vqEP+UeRVj2zY1pSuPdgvbd5ykAw82Lrro28vXUrRmzEsUV0NzCf54yARIK8r0fdw==}
    engines: {node: '>=18'}
    cpu: [s390x]
    os: [linux]

  '@esbuild/linux-x64@0.27.7':
    resolution: {integrity: sha512-hzznmADPt+OmsYzw1EE33ccA+HPdIqiCRq7cQeL1Jlq2gb1+OyWBkMCrYGBJ+sxVzve2ZJEVeePbLM2iEIZSxA==}
    engines: {node: '>=18'}
    cpu: [x64]
    os: [linux]

  '@esbuild/netbsd-arm64@0.27.7':
    resolution: {integrity: sha512-b6pqtrQdigZBwZxAn1UpazEisvwaIDvdbMbmrly7cDTMFnw/+3lVxxCTGOrkPVnsYIosJJXAsILG9XcQS+Yu6w==}
    engines: {node: '>=18'}
    cpu: [arm64]
    os: [netbsd]

  '@esbuild/netbsd-x64@0.27.7':
    resolution: {integrity: sha512-OfatkLojr6U+WN5EDYuoQhtM+1xco+/6FSzJJnuWiUw5eVcicbyK3dq5EeV/QHT1uy6GoDhGbFpprUiHUYggrw==}
    engines: {node: '>=18'}
    cpu: [x64]
    os: [netbsd]

  '@esbuild/openbsd-arm64@0.27.7':
    resolution: {integrity: sha512-AFuojMQTxAz75Fo8idVcqoQWEHIXFRbOc1TrVcFSgCZtQfSdc1RXgB3tjOn/krRHENUB4j00bfGjyl2mJrU37A==}
    engines: {node: '>=18'}
    cpu: [arm64]
    os: [openbsd]

  '@esbuild/openbsd-x64@0.27.7':
    resolution: {integrity: sha512-+A1NJmfM8WNDv5CLVQYJ5PshuRm/4cI6WMZRg1by1GwPIQPCTs1GLEUHwiiQGT5zDdyLiRM/l1G0Pv54gvtKIg==}
    engines: {node: '>=18'}
    cpu: [x64]
    os: [openbsd]

  '@esbuild/openharmony-arm64@0.27.7':
    resolution: {integrity: sha512-+KrvYb/C8zA9CU/g0sR6w2RBw7IGc5J2BPnc3dYc5VJxHCSF1yNMxTV5LQ7GuKteQXZtspjFbiuW5/dOj7H4Yw==}
    engines: {node: '>=18'}
    cpu: [arm64]
    os: [openharmony]

  '@esbuild/sunos-x64@0.27.7':
    resolution: {integrity: sha512-ikktIhFBzQNt/QDyOL580ti9+5mL/YZeUPKU2ivGtGjdTYoqz6jObj6nOMfhASpS4GU4Q/Clh1QtxWAvcYKamA==}
    engines: {node: '>=18'}
    cpu: [x64]
    os: [sunos]

  '@esbuild/win32-arm64@0.27.7':
    resolution: {integrity: sha512-7yRhbHvPqSpRUV7Q20VuDwbjW5kIMwTHpptuUzV+AA46kiPze5Z7qgt6CLCK3pWFrHeNfDd1VKgyP4O+ng17CA==}
    engines: {node: '>=18'}
    cpu: [arm64]
    os: [win32]

  '@esbuild/win32-ia32@0.27.7':
    resolution: {integrity: sha512-SmwKXe6VHIyZYbBLJrhOoCJRB/Z1tckzmgTLfFYOfpMAx63BJEaL9ExI8x7v0oAO3Zh6D/Oi1gVxEYr5oUCFhw==}
    engines: {node: '>=18'}
    cpu: [ia32]
    os: [win32]

  '@esbuild/win32-x64@0.27.7':
    resolution: {integrity: sha512-56hiAJPhwQ1R4i+21FVF7V8kSD5zZTdHcVuRFMW0hn753vVfQN8xlx4uOPT4xoGH0Z/oVATuR82AiqSTDIpaHg==}
    engines: {node: '>=18'}
    cpu: [x64]
    os: [win32]

  '@jridgewell/gen-mapping@0.3.13':
    resolution: {integrity: sha512-2kkt/7niJ6MgEPxF0bYdQ6etZaA+fQvDcLKckhy1yIQOzaoKjBBjSj63/aLVjYE3qhRt5dvM+uUyfCg6UKCBbA==}

  '@jridgewell/resolve-uri@3.1.2':
    resolution: {integrity: sha512-bRISgCIjP20/tbWSPWMEi54QVPRZExkuD9lJL+UIxUKtwVJA8wW1Trb1jMs1RFXo1CBTNZ/5hpC9QvmKWdopKw==}
    engines: {node: '>=6.0.0'}

  '@jridgewell/source-map@0.3.11':
    resolution: {integrity: sha512-ZMp1V8ZFcPG5dIWnQLr3NSI1MiCU7UETdS/A0G8V/XWHvJv3ZsFqutJn1Y5RPmAPX6F3BiE397OqveU/9NCuIA==}

  '@jridgewell/sourcemap-codec@1.5.5':
    resolution: {integrity: sha512-cYQ9310grqxueWbl+WuIUIaiUaDcj7WOq5fVhEljNVgRfOUhY9fy2zTvfoqWsnebh8Sl70VScFbICvJnLKB0Og==}

  '@jridgewell/trace-mapping@0.3.31':
    resolution: {integrity: sha512-zzNR+SdQSDJzc8joaeP8QQoCQr8NuYx2dIIytl1QeBEZHJ9uW6hebsrYgbz8hJwUQao3TWCMtmfV8Nu1twOLAw==}

  '@oxfmt/darwin-arm64@0.22.0':
    resolution: {integrity: sha512-dhz2m2uLrHT3MwM+LAdvr97EojJZTwaZ6BuMTRftJzqa9dHYDG/MtSBuDD2DpGpZ0SM2iVwni2wCzCYGKTojbA==}
    cpu: [arm64]
    os: [darwin]

  '@oxfmt/darwin-x64@0.22.0':
    resolution: {integrity: sha512-VykUbibvqSOG5YIFUMpHtZVrY1YKDl9Il2SvFemUfR5Ac1t1BFZOnazYe98jtZGFY4sEdEORs0ImBARnyMX/hw==}
    cpu: [x64]
    os: [darwin]

  '@oxfmt/linux-arm64-gnu@0.22.0':
    resolution: {integrity: sha512-y0MBha/K34TztYAZUn6KQE9xLPLNHqRpOdzRp96fhkbrQTeEXo+jF+8+aV8VnqjG0y7p+IQN4ATxNSstSPO9sA==}
    cpu: [arm64]
    os: [linux]

  '@oxfmt/linux-arm64-musl@0.22.0':
    resolution: {integrity: sha512-8a0p2UEmavB+moQ7ID17i+dE7N2xng6lPU8vrrNnnwKde0YpGHdW6hmuH4mS+rrltvs0fjyGRSvCnD2Qm9IAcA==}
    cpu: [arm64]
    os: [linux]

  '@oxfmt/linux-x64-gnu@0.22.0':
    resolution: {integrity: sha512-ZA1lS6MLvtGfD9AaDylCSTTiOWVQs1eIl9uqsGYs+Zr8p0mI7QRIRA6juWk9FXn1hHfmYBdBgWu2GdIW0YFCFA==}
    cpu: [x64]
    os: [linux]

  '@oxfmt/linux-x64-musl@0.22.0':
    resolution: {integrity: sha512-J5zFB8T5yk6Jx63rdKuXfcPqR1cAp12nO5/NJfGITH00AML2Yj9JM4dRnmssJomYHKa8dNSr40l6OdxRZN88CQ==}
    cpu: [x64]
    os: [linux]

  '@oxfmt/win32-arm64@0.22.0':
    resolution: {integrity: sha512-XYxyIiOf3HqlfETLFKqCHYL88mhw+Ka25vDVgmlcghbJv9BPoVzquZW7P4i0T3D5GWp4LHhZHmMo8BuK8PP5BA==}
    cpu: [arm64]
    os: [win32]

  '@oxfmt/win32-x64@0.22.0':
    resolution: {integrity: sha512-/shfU+wwlXcKP2NkZt+kYCSVom2EEu8MwbENlYCak6LtPPrN5xAQhHuOSFByjDzTBApdQugch0j0ZB/4Wyaljg==}
    cpu: [x64]
    os: [win32]

  '@oxlint/darwin-arm64@1.37.0':
    resolution: {integrity: sha512-qDa8qf4Th3sbk6P6wRbsv5paGeZ8EEOy8PtnT2IkAYSzjDHavw8nMK/lQvf6uS7LArjcmOfM1Y3KnZUFoNZZqg==}
    cpu: [arm64]
    os: [darwin]

  '@oxlint/darwin-x64@1.37.0':
    resolution: {integrity: sha512-FM0h0KyOQ4HCdhIX1ne6d80BxRra75h1ORce0jYNwQ49HT4RU8+9ywSMC7rQ79xWsmaahvkQPB7tMPyfjsQwAg==}
    cpu: [x64]
    os: [darwin]

  '@oxlint/linux-arm64-gnu@1.37.0':
    resolution: {integrity: sha512-2axK0lftGwM6Q7wOuY2sassUqa4MKrG3iemVVyEpXzJ6g5QosxhCoFPp9v81/gmLT5kAdd2gskoDcfpDJliDNw==}
    cpu: [arm64]
    os: [linux]

  '@oxlint/linux-arm64-musl@1.37.0':
    resolution: {integrity: sha512-f3YROyGMIdUeXx0yD7RsAUBzBvD222D4l2GQRYF3AMxyp9mya17Rq/3wNLR4JDnAnboOul3DAEKNm+09lo3uZw==}
    cpu: [arm64]
    os: [linux]

  '@oxlint/linux-x64-gnu@1.37.0':
    resolution: {integrity: sha512-FANOdOVQ2c4acYLM0dvtSoKELHSSnDBxDdm8OlXNzSRanQILrNpLgUqCXHFsfiHipFfNzz3Z417PxV6X4aBYog==}
    cpu: [x64]
    os: [linux]

  '@oxlint/linux-x64-musl@1.37.0':
    resolution: {integrity: sha512-eYnSKT9knXdOQ9h+6nSjEHSx0+pW8PkGwtMNGXtCYR+/ZPKYIbtZVS0nZsFy+qizP+TRVSJrgc/JY3Xr0wjcQg==}
    cpu: [x64]
    os: [linux]

  '@oxlint/win32-arm64@1.37.0':
    resolution: {integrity: sha512-2oHxNc4jcocfNWGWVVWQdEG+reZ5ncBZsmDoICJQ1rbCDx4Yimx8VUf1Ub9cCoJRcPiSLBxMqaeMaDClKixJIQ==}
    cpu: [arm64]
    os: [win32]

  '@oxlint/win32-x64@1.37.0':
    resolution: {integrity: sha512-w+pBuTjGmGCGPhDjFhj/97K2tlGyq5LKAU6S7FHxROPuJRWJD6uio1L75Lsb8fKhwtw2rm54LLOX30Yi+nILxw==}
    cpu: [x64]
    os: [win32]

  '@rollup/rollup-android-arm-eabi@4.60.1':
    resolution: {integrity: sha512-d6FinEBLdIiK+1uACUttJKfgZREXrF0Qc2SmLII7W2AD8FfiZ9Wjd+rD/iRuf5s5dWrr1GgwXCvPqOuDquOowA==}
    cpu: [arm]
    os: [android]

  '@rollup/rollup-android-arm64@4.60.1':
    resolution: {integrity: sha512-YjG/EwIDvvYI1YvYbHvDz/BYHtkY4ygUIXHnTdLhG+hKIQFBiosfWiACWortsKPKU/+dUwQQCKQM3qrDe8c9BA==}
    cpu: [arm64]
    os: [android]

  '@rollup/rollup-darwin-arm64@4.60.1':
    resolution: {integrity: sha512-mjCpF7GmkRtSJwon+Rq1N8+pI+8l7w5g9Z3vWj4T7abguC4Czwi3Yu/pFaLvA3TTeMVjnu3ctigusqWUfjZzvw==}
    cpu: [arm64]
    os: [darwin]

  '@rollup/rollup-darwin-x64@4.60.1':
    resolution: {integrity: sha512-haZ7hJ1JT4e9hqkoT9R/19XW2QKqjfJVv+i5AGg57S+nLk9lQnJ1F/eZloRO3o9Scy9CM3wQ9l+dkXtcBgN5Ew==}
    cpu: [x64]
    os: [darwin]

  '@rollup/rollup-freebsd-arm64@4.60.1':
    resolution: {integrity: sha512-czw90wpQq3ZsAVBlinZjAYTKduOjTywlG7fEeWKUA7oCmpA8xdTkxZZlwNJKWqILlq0wehoZcJYfBvOyhPTQ6w==}
    cpu: [arm64]
    os: [freebsd]

  '@rollup/rollup-freebsd-x64@4.60.1':
    resolution: {integrity: sha512-KVB2rqsxTHuBtfOeySEyzEOB7ltlB/ux38iu2rBQzkjbwRVlkhAGIEDiiYnO2kFOkJp+Z7pUXKyrRRFuFUKt+g==}
    cpu: [x64]
    os: [freebsd]

  '@rollup/rollup-linux-arm-gnueabihf@4.60.1':
    resolution: {integrity: sha512-L+34Qqil+v5uC0zEubW7uByo78WOCIrBvci69E7sFASRl0X7b/MB6Cqd1lky/CtcSVTydWa2WZwFuWexjS5o6g==}
    cpu: [arm]
    os: [linux]

  '@rollup/rollup-linux-arm-musleabihf@4.60.1':
    resolution: {integrity: sha512-n83O8rt4v34hgFzlkb1ycniJh7IR5RCIqt6mz1VRJD6pmhRi0CXdmfnLu9dIUS6buzh60IvACM842Ffb3xd6Gg==}
    cpu: [arm]
    os: [linux]

  '@rollup/rollup-linux-arm64-gnu@4.60.1':
    resolution: {integrity: sha512-Nql7sTeAzhTAja3QXeAI48+/+GjBJ+QmAH13snn0AJSNL50JsDqotyudHyMbO2RbJkskbMbFJfIJKWA6R1LCJQ==}
    cpu: [arm64]
    os: [linux]

  '@rollup/rollup-linux-arm64-musl@4.60.1':
    resolution: {integrity: sha512-+pUymDhd0ys9GcKZPPWlFiZ67sTWV5UU6zOJat02M1+PiuSGDziyRuI/pPue3hoUwm2uGfxdL+trT6Z9rxnlMA==}
    cpu: [arm64]
    os: [linux]

  '@rollup/rollup-linux-loong64-gnu@4.60.1':
    resolution: {integrity: sha512-VSvgvQeIcsEvY4bKDHEDWcpW4Yw7BtlKG1GUT4FzBUlEKQK0rWHYBqQt6Fm2taXS+1bXvJT6kICu5ZwqKCnvlQ==}
    cpu: [loong64]
    os: [linux]

  '@rollup/rollup-linux-loong64-musl@4.60.1':
    resolution: {integrity: sha512-4LqhUomJqwe641gsPp6xLfhqWMbQV04KtPp7/dIp0nzPxAkNY1AbwL5W0MQpcalLYk07vaW9Kp1PBhdpZYYcEw==}
    cpu: [loong64]
    os: [linux]

  '@rollup/rollup-linux-ppc64-gnu@4.60.1':
    resolution: {integrity: sha512-tLQQ9aPvkBxOc/EUT6j3pyeMD6Hb8QF2BTBnCQWP/uu1lhc9AIrIjKnLYMEroIz/JvtGYgI9dF3AxHZNaEH0rw==}
    cpu: [ppc64]
    os: [linux]

  '@rollup/rollup-linux-ppc64-musl@4.60.1':
    resolution: {integrity: sha512-RMxFhJwc9fSXP6PqmAz4cbv3kAyvD1etJFjTx4ONqFP9DkTkXsAMU4v3Vyc5BgzC+anz7nS/9tp4obsKfqkDHg==}
    cpu: [ppc64]
    os: [linux]

  '@rollup/rollup-linux-riscv64-gnu@4.60.1':
    resolution: {integrity: sha512-QKgFl+Yc1eEk6MmOBfRHYF6lTxiiiV3/z/BRrbSiW2I7AFTXoBFvdMEyglohPj//2mZS4hDOqeB0H1ACh3sBbg==}
    cpu: [riscv64]
    os: [linux]

  '@rollup/rollup-linux-riscv64-musl@4.60.1':
    resolution: {integrity: sha512-RAjXjP/8c6ZtzatZcA1RaQr6O1TRhzC+adn8YZDnChliZHviqIjmvFwHcxi4JKPSDAt6Uhf/7vqcBzQJy0PDJg==}
    cpu: [riscv64]
    os: [linux]

  '@rollup/rollup-linux-s390x-gnu@4.60.1':
    resolution: {integrity: sha512-wcuocpaOlaL1COBYiA89O6yfjlp3RwKDeTIA0hM7OpmhR1Bjo9j31G1uQVpDlTvwxGn2nQs65fBFL5UFd76FcQ==}
    cpu: [s390x]
    os: [linux]

  '@rollup/rollup-linux-x64-gnu@4.60.1':
    resolution: {integrity: sha512-77PpsFQUCOiZR9+LQEFg9GClyfkNXj1MP6wRnzYs0EeWbPcHs02AXu4xuUbM1zhwn3wqaizle3AEYg5aeoohhg==}
    cpu: [x64]
    os: [linux]

  '@rollup/rollup-linux-x64-musl@4.60.1':
    resolution: {integrity: sha512-5cIATbk5vynAjqqmyBjlciMJl1+R/CwX9oLk/EyiFXDWd95KpHdrOJT//rnUl4cUcskrd0jCCw3wpZnhIHdD9w==}
    cpu: [x64]
    os: [linux]

  '@rollup/rollup-openbsd-x64@4.60.1':
    resolution: {integrity: sha512-cl0w09WsCi17mcmWqqglez9Gk8isgeWvoUZ3WiJFYSR3zjBQc2J5/ihSjpl+VLjPqjQ/1hJRcqBfLjssREQILw==}
    cpu: [x64]
    os: [openbsd]

  '@rollup/rollup-openharmony-arm64@4.60.1':
    resolution: {integrity: sha512-4Cv23ZrONRbNtbZa37mLSueXUCtN7MXccChtKpUnQNgF010rjrjfHx3QxkS2PI7LqGT5xXyYs1a7LbzAwT0iCA==}
    cpu: [arm64]
    os: [openharmony]

  '@rollup/rollup-win32-arm64-msvc@4.60.1':
    resolution: {integrity: sha512-i1okWYkA4FJICtr7KpYzFpRTHgy5jdDbZiWfvny21iIKky5YExiDXP+zbXzm3dUcFpkEeYNHgQ5fuG236JPq0g==}
    cpu: [arm64]
    os: [win32]

  '@rollup/rollup-win32-ia32-msvc@4.60.1':
    resolution: {integrity: sha512-u09m3CuwLzShA0EYKMNiFgcjjzwqtUMLmuCJLeZWjjOYA3IT2Di09KaxGBTP9xVztWyIWjVdsB2E9goMjZvTQg==}
    cpu: [ia32]
    os: [win32]

  '@rollup/rollup-win32-x64-gnu@4.60.1':
    resolution: {integrity: sha512-k+600V9Zl1CM7eZxJgMyTUzmrmhB/0XZnF4pRypKAlAgxmedUA+1v9R+XOFv56W4SlHEzfeMtzujLJD22Uz5zg==}
    cpu: [x64]
    os: [win32]

  '@rollup/rollup-win32-x64-msvc@4.60.1':
    resolution: {integrity: sha512-lWMnixq/QzxyhTV6NjQJ4SFo1J6PvOX8vUx5Wb4bBPsEb+8xZ89Bz6kOXpfXj9ak9AHTQVQzlgzBEc1SyM27xQ==}
    cpu: [x64]
    os: [win32]

  '@types/estree@1.0.8':
    resolution: {integrity: sha512-dWHzHa2WqEXI/O1E9OjrocMTKJl2mSrEolh1Iomrv6U+JuNwaHXsXx9bLu5gG7BUWFIN0skIQJQ/L1rIex4X6w==}

  '@types/mousetrap@1.6.15':
    resolution: {integrity: sha512-qL0hyIMNPow317QWW/63RvL1x5MVMV+Ru3NaY9f/CuEpCqrmb7WeuK2071ZY5hczOnm38qExWM2i2WtkXLSqFw==}

  acorn@8.16.0:
    resolution: {integrity: sha512-UVJyE9MttOsBQIDKw1skb9nAwQuR5wuGD3+82K6JgJlm/Y+KI92oNsMNGZCYdDsVtRHSak0pcV5Dno5+4jh9sw==}
    engines: {node: '>=0.4.0'}
    hasBin: true

  buffer-from@1.1.2:
    resolution: {integrity: sha512-E+XQCRwSbaaiChtv6k6Dwgc+bx+Bs6vuKJHHl5kox/BaKbhiXzqQOwK4cO22yElGp2OCmjwVhT3HmxgyPGnJfQ==}

  commander@2.20.3:
    resolution: {integrity: sha512-GpVkmM8vF2vQUkj2LvZmD35JxeJOLCwJ9cUkugyk2nuhbv3+mJvpLYYt+0+USMxE+oj+ey/lJEnhZw75x/OMcQ==}

  esbuild@0.27.7:
    resolution: {integrity: sha512-IxpibTjyVnmrIQo5aqNpCgoACA/dTKLTlhMHihVHhdkxKyPO1uBBthumT0rdHmcsk9uMonIWS0m4FljWzILh3w==}
    engines: {node: '>=18'}
    hasBin: true

  fdir@6.5.0:
    resolution: {integrity: sha512-tIbYtZbucOs0BRGqPJkshJUYdL+SDH7dVM8gjy+ERp3WAUjLEFJE+02kanyHtwjWOnwrKYBiwAmM0p4kLJAnXg==}
    engines: {node: '>=12.0.0'}
    peerDependencies:
      picomatch: ^3 || ^4
    peerDependenciesMeta:
      picomatch:
        optional: true

  fsevents@2.3.3:
    resolution: {integrity: sha512-5xoDfX+fL7faATnagmWPpbFtwh/R77WmMMqqHGS65C3vvB0YHrgF+B1YmZ3441tMj5n63k0212XNoJwzlhffQw==}
    engines: {node: ^8.16.0 || ^10.6.0 || >=11.0.0}
    os: [darwin]

  mousetrap@1.6.5:
    resolution: {integrity: sha512-QNo4kEepaIBwiT8CDhP98umTetp+JNfQYBWvC1pc6/OAibuXtRcxZ58Qz8skvEHYvURne/7R8T5VoOI7rDsEUA==}

  nanoid@3.3.11:
    resolution: {integrity: sha512-N8SpfPUnUp1bK+PMYW8qSWdl9U+wwNWI4QKxOYDy9JAro3WMX7p2OeVRF9v+347pnakNevPmiHhNmZ2HbFA76w==}
    engines: {node: ^10 || ^12 || ^13.7 || ^14 || >=15.0.1}
    hasBin: true

  oxfmt@0.22.0:
    resolution: {integrity: sha512-Z7JM5yv4KaDz5kT21MxRAvtYo5Eu9Ti/XY1JYShSOlaH859XSn4UaS3wlZKyz4Mpbo8ISkxhU75UY5yp+OQUyA==}
    engines: {node: ^20.19.0 || >=22.12.0}
    hasBin: true

  oxlint@1.37.0:
    resolution: {integrity: sha512-MAw0JH8M5/vt9E2WxSsmJu53bVLmG6qNlVw1OXFenJYItTPbMBtW7j3n53+tgNhNuxFPundM1DR7V8E39qOOrg==}
    engines: {node: ^20.19.0 || >=22.12.0}
    hasBin: true
    peerDependencies:
      oxlint-tsgolint: '>=0.10.0'
    peerDependenciesMeta:
      oxlint-tsgolint:
        optional: true

  picocolors@1.1.1:
    resolution: {integrity: sha512-xceH2snhtb5M9liqDsmEw56le376mTZkEX/jEb/RxNFyegNul7eNslCXP9FDj/Lcu0X8KEyMceP2ntpaHrDEVA==}

  picomatch@4.0.4:
    resolution: {integrity: sha512-QP88BAKvMam/3NxH6vj2o21R6MjxZUAd6nlwAS/pnGvN9IVLocLHxGYIzFhg6fUQ+5th6P4dv4eW9jX3DSIj7A==}
    engines: {node: '>=12'}

  postcss@8.5.8:
    resolution: {integrity: sha512-OW/rX8O/jXnm82Ey1k44pObPtdblfiuWnrd8X7GJ7emImCOstunGbXUpp7HdBrFQX6rJzn3sPT397Wp5aCwCHg==}
    engines: {node: ^10 || ^12 || >=14}

  rollup@4.60.1:
    resolution: {integrity: sha512-VmtB2rFU/GroZ4oL8+ZqXgSA38O6GR8KSIvWmEFv63pQ0G6KaBH9s07PO8XTXP4vI+3UJUEypOfjkGfmSBBR0w==}
    engines: {node: '>=18.0.0', npm: '>=8.0.0'}
    hasBin: true

  source-map-js@1.2.1:
    resolution: {integrity: sha512-UXWMKhLOwVKb728IUtQPXxfYU+usdybtUrK/8uGE8CQMvrhOpwvzDBwj0QhSL7MQc7vIsISBG8VQ8+IDQxpfQA==}
    engines: {node: '>=0.10.0'}

  source-map-support@0.5.21:
    resolution: {integrity: sha512-uBHU3L3czsIyYXKX88fdrGovxdSCoTGDRZ6SYXtSRxLZUzHg5P/66Ht6uoUlHu9EZod+inXhKo3qQgwXUT/y1w==}

  source-map@0.6.1:
    resolution: {integrity: sha512-UjgapumWlbMhkBgzT7Ykc5YXUT46F0iKu8SGXq0bcwP5dz/h0Plj6enJqjz1Zbq2l5WaqYnrVbwWOWMyF3F47g==}
    engines: {node: '>=0.10.0'}

  terser@5.31.1:
    resolution: {integrity: sha512-37upzU1+viGvuFtBo9NPufCb9dwM0+l9hMxYyWfBA+fbwrPqNJAhbZ6W47bBFnZHKHTUBnMvi87434qq+qnxOg==}
    engines: {node: '>=10'}
    hasBin: true

  tinyglobby@0.2.15:
    resolution: {integrity: sha512-j2Zq4NyQYG5XMST4cbs02Ak8iJUdxRM0XI5QyxXuZOzKOINmWurp3smXu3y5wDcJrptwpSjgXHzIQxR0omXljQ==}
    engines: {node: '>=12.0.0'}

  tinypool@2.0.0:
    resolution: {integrity: sha512-/RX9RzeH2xU5ADE7n2Ykvmi9ED3FBGPAjw9u3zucrNNaEBIO0HPSYgL0NT7+3p147ojeSdaVu08F6hjpv31HJg==}
    engines: {node: ^20.0.0 || >=22.0.0}

  typescript@5.9.3:
    resolution: {integrity: sha512-jl1vZzPDinLr9eUt3J/t7V6FgNEw9QjvBPdysz9KfQDD41fQrC2Y4vKQdiaUpFT4bXlb1RHhLpp8wtm6M5TgSw==}
    engines: {node: '>=14.17'}
    hasBin: true

  vite@7.3.2:
    resolution: {integrity: sha512-Bby3NOsna2jsjfLVOHKes8sGwgl4TT0E6vvpYgnAYDIF/tie7MRaFthmKuHx1NSXjiTueXH3do80FMQgvEktRg==}
    engines: {node: ^20.19.0 || >=22.12.0}
    hasBin: true
    peerDependencies:
      '@types/node': ^20.19.0 || >=22.12.0
      jiti: '>=1.21.0'
      less: ^4.0.0
      lightningcss: ^1.21.0
      sass: ^1.70.0
      sass-embedded: ^1.70.0
      stylus: '>=0.54.8'
      sugarss: ^5.0.0
      terser: ^5.16.0
      tsx: ^4.8.1
      yaml: ^2.4.2
    peerDependenciesMeta:
      '@types/node':
        optional: true
      jiti:
        optional: true
      less:
        optional: true
      lightningcss:
        optional: true
      sass:
        optional: true
      sass-embedded:
        optional: true
      stylus:
        optional: true
      sugarss:
        optional: true
      terser:
        optional: true
      tsx:
        optional: true
      yaml:
        optional: true

snapshots:

  '@esbuild/aix-ppc64@0.27.7':
    optional: true

  '@esbuild/android-arm64@0.27.7':
    optional: true

  '@esbuild/android-arm@0.27.7':
    optional: true

  '@esbuild/android-x64@0.27.7':
    optional: true

  '@esbuild/darwin-arm64@0.27.7':
    optional: true

  '@esbuild/darwin-x64@0.27.7':
    optional: true

  '@esbuild/freebsd-arm64@0.27.7':
    optional: true

  '@esbuild/freebsd-x64@0.27.7':
    optional: true

  '@esbuild/linux-arm64@0.27.7':
    optional: true

  '@esbuild/linux-arm@0.27.7':
    optional: true

  '@esbuild/linux-ia32@0.27.7':
    optional: true

  '@esbuild/linux-loong64@0.27.7':
    optional: true

  '@esbuild/linux-mips64el@0.27.7':
    optional: true

  '@esbuild/linux-ppc64@0.27.7':
    optional: true

  '@esbuild/linux-riscv64@0.27.7':
    optional: true

  '@esbuild/linux-s390x@0.27.7':
    optional: true

  '@esbuild/linux-x64@0.27.7':
    optional: true

  '@esbuild/netbsd-arm64@0.27.7':
    optional: true

  '@esbuild/netbsd-x64@0.27.7':
    optional: true

  '@esbuild/openbsd-arm64@0.27.7':
    optional: true

  '@esbuild/openbsd-x64@0.27.7':
    optional: true

  '@esbuild/openharmony-arm64@0.27.7':
    optional: true

  '@esbuild/sunos-x64@0.27.7':
    optional: true

  '@esbuild/win32-arm64@0.27.7':
    optional: true

  '@esbuild/win32-ia32@0.27.7':
    optional: true

  '@esbuild/win32-x64@0.27.7':
    optional: true

  '@jridgewell/gen-mapping@0.3.13':
    dependencies:
      '@jridgewell/sourcemap-codec': 1.5.5
      '@jridgewell/trace-mapping': 0.3.31
    optional: true

  '@jridgewell/resolve-uri@3.1.2':
    optional: true

  '@jridgewell/source-map@0.3.11':
    dependencies:
      '@jridgewell/gen-mapping': 0.3.13
      '@jridgewell/trace-mapping': 0.3.31
    optional: true

  '@jridgewell/sourcemap-codec@1.5.5':
    optional: true

  '@jridgewell/trace-mapping@0.3.31':
    dependencies:
      '@jridgewell/resolve-uri': 3.1.2
      '@jridgewell/sourcemap-codec': 1.5.5
    optional: true

  '@oxfmt/darwin-arm64@0.22.0':
    optional: true

  '@oxfmt/darwin-x64@0.22.0':
    optional: true

  '@oxfmt/linux-arm64-gnu@0.22.0':
    optional: true

  '@oxfmt/linux-arm64-musl@0.22.0':
    optional: true

  '@oxfmt/linux-x64-gnu@0.22.0':
    optional: true

  '@oxfmt/linux-x64-musl@0.22.0':
    optional: true

  '@oxfmt/win32-arm64@0.22.0':
    optional: true

  '@oxfmt/win32-x64@0.22.0':
    optional: true

  '@oxlint/darwin-arm64@1.37.0':
    optional: true

  '@oxlint/darwin-x64@1.37.0':
    optional: true

  '@oxlint/linux-arm64-gnu@1.37.0':
    optional: true

  '@oxlint/linux-arm64-musl@1.37.0':
    optional: true

  '@oxlint/linux-x64-gnu@1.37.0':
    optional: true

  '@oxlint/linux-x64-musl@1.37.0':
    optional: true

  '@oxlint/win32-arm64@1.37.0':
    optional: true

  '@oxlint/win32-x64@1.37.0':
    optional: true

  '@rollup/rollup-android-arm-eabi@4.60.1':
    optional: true

  '@rollup/rollup-android-arm64@4.60.1':
    optional: true

  '@rollup/rollup-darwin-arm64@4.60.1':
    optional: true

  '@rollup/rollup-darwin-x64@4.60.1':
    optional: true

  '@rollup/rollup-freebsd-arm64@4.60.1':
    optional: true

  '@rollup/rollup-freebsd-x64@4.60.1':
    optional: true

  '@rollup/rollup-linux-arm-gnueabihf@4.60.1':
    optional: true

  '@rollup/rollup-linux-arm-musleabihf@4.60.1':
    optional: true

  '@rollup/rollup-linux-arm64-gnu@4.60.1':
    optional: true

  '@rollup/rollup-linux-arm64-musl@4.60.1':
    optional: true

  '@rollup/rollup-linux-loong64-gnu@4.60.1':
    optional: true

  '@rollup/rollup-linux-loong64-musl@4.60.1':
    optional: true

  '@rollup/rollup-linux-ppc64-gnu@4.60.1':
    optional: true

  '@rollup/rollup-linux-ppc64-musl@4.60.1':
    optional: true

  '@rollup/rollup-linux-riscv64-gnu@4.60.1':
    optional: true

  '@rollup/rollup-linux-riscv64-musl@4.60.1':
    optional: true

  '@rollup/rollup-linux-s390x-gnu@4.60.1':
    optional: true

  '@rollup/rollup-linux-x64-gnu@4.60.1':
    optional: true

  '@rollup/rollup-linux-x64-musl@4.60.1':
    optional: true

  '@rollup/rollup-openbsd-x64@4.60.1':
    optional: true

  '@rollup/rollup-openharmony-arm64@4.60.1':
    optional: true

  '@rollup/rollup-win32-arm64-msvc@4.60.1':
    optional: true

  '@rollup/rollup-win32-ia32-msvc@4.60.1':
    optional: true

  '@rollup/rollup-win32-x64-gnu@4.60.1':
    optional: true

  '@rollup/rollup-win32-x64-msvc@4.60.1':
    optional: true

  '@types/estree@1.0.8': {}

  '@types/mousetrap@1.6.15': {}

  acorn@8.16.0:
    optional: true

  buffer-from@1.1.2:
    optional: true

  commander@2.20.3:
    optional: true

  esbuild@0.27.7:
    optionalDependencies:
      '@esbuild/aix-ppc64': 0.27.7
      '@esbuild/android-arm': 0.27.7
      '@esbuild/android-arm64': 0.27.7
      '@esbuild/android-x64': 0.27.7
      '@esbuild/darwin-arm64': 0.27.7
      '@esbuild/darwin-x64': 0.27.7
      '@esbuild/freebsd-arm64': 0.27.7
      '@esbuild/freebsd-x64': 0.27.7
      '@esbuild/linux-arm': 0.27.7
      '@esbuild/linux-arm64': 0.27.7
      '@esbuild/linux-ia32': 0.27.7
      '@esbuild/linux-loong64': 0.27.7
      '@esbuild/linux-mips64el': 0.27.7
      '@esbuild/linux-ppc64': 0.27.7
      '@esbuild/linux-riscv64': 0.27.7
      '@esbuild/linux-s390x': 0.27.7
      '@esbuild/linux-x64': 0.27.7
      '@esbuild/netbsd-arm64': 0.27.7
      '@esbuild/netbsd-x64': 0.27.7
      '@esbuild/openbsd-arm64': 0.27.7
      '@esbuild/openbsd-x64': 0.27.7
      '@esbuild/openharmony-arm64': 0.27.7
      '@esbuild/sunos-x64': 0.27.7
      '@esbuild/win32-arm64': 0.27.7
      '@esbuild/win32-ia32': 0.27.7
      '@esbuild/win32-x64': 0.27.7

  fdir@6.5.0(picomatch@4.0.4):
    optionalDependencies:
      picomatch: 4.0.4

  fsevents@2.3.3:
    optional: true

  mousetrap@1.6.5: {}

  nanoid@3.3.11: {}

  oxfmt@0.22.0:
    dependencies:
      tinypool: 2.0.0
    optionalDependencies:
      '@oxfmt/darwin-arm64': 0.22.0
      '@oxfmt/darwin-x64': 0.22.0
      '@oxfmt/linux-arm64-gnu': 0.22.0
      '@oxfmt/linux-arm64-musl': 0.22.0
      '@oxfmt/linux-x64-gnu': 0.22.0
      '@oxfmt/linux-x64-musl': 0.22.0
      '@oxfmt/win32-arm64': 0.22.0
      '@oxfmt/win32-x64': 0.22.0

  oxlint@1.37.0:
    optionalDependencies:
      '@oxlint/darwin-arm64': 1.37.0
      '@oxlint/darwin-x64': 1.37.0
      '@oxlint/linux-arm64-gnu': 1.37.0
      '@oxlint/linux-arm64-musl': 1.37.0
      '@oxlint/linux-x64-gnu': 1.37.0
      '@oxlint/linux-x64-musl': 1.37.0
      '@oxlint/win32-arm64': 1.37.0
      '@oxlint/win32-x64': 1.37.0

  picocolors@1.1.1: {}

  picomatch@4.0.4: {}

  postcss@8.5.8:
    dependencies:
      nanoid: 3.3.11
      picocolors: 1.1.1
      source-map-js: 1.2.1

  rollup@4.60.1:
    dependencies:
      '@types/estree': 1.0.8
    optionalDependencies:
      '@rollup/rollup-android-arm-eabi': 4.60.1
      '@rollup/rollup-android-arm64': 4.60.1
      '@rollup/rollup-darwin-arm64': 4.60.1
      '@rollup/rollup-darwin-x64': 4.60.1
      '@rollup/rollup-freebsd-arm64': 4.60.1
      '@rollup/rollup-freebsd-x64': 4.60.1
      '@rollup/rollup-linux-arm-gnueabihf': 4.60.1
      '@rollup/rollup-linux-arm-musleabihf': 4.60.1
      '@rollup/rollup-linux-arm64-gnu': 4.60.1
      '@rollup/rollup-linux-arm64-musl': 4.60.1
      '@rollup/rollup-linux-loong64-gnu': 4.60.1
      '@rollup/rollup-linux-loong64-musl': 4.60.1
      '@rollup/rollup-linux-ppc64-gnu': 4.60.1
      '@rollup/rollup-linux-ppc64-musl': 4.60.1
      '@rollup/rollup-linux-riscv64-gnu': 4.60.1
      '@rollup/rollup-linux-riscv64-musl': 4.60.1
      '@rollup/rollup-linux-s390x-gnu': 4.60.1
      '@rollup/rollup-linux-x64-gnu': 4.60.1
      '@rollup/rollup-linux-x64-musl': 4.60.1
      '@rollup/rollup-openbsd-x64': 4.60.1
      '@rollup/rollup-openharmony-arm64': 4.60.1
      '@rollup/rollup-win32-arm64-msvc': 4.60.1
      '@rollup/rollup-win32-ia32-msvc': 4.60.1
      '@rollup/rollup-win32-x64-gnu': 4.60.1
      '@rollup/rollup-win32-x64-msvc': 4.60.1
      fsevents: 2.3.3

  source-map-js@1.2.1: {}

  source-map-support@0.5.21:
    dependencies:
      buffer-from: 1.1.2
      source-map: 0.6.1
    optional: true

  source-map@0.6.1:
    optional: true

  terser@5.31.1:
    dependencies:
      '@jridgewell/source-map': 0.3.11
      acorn: 8.16.0
      commander: 2.20.3
      source-map-support: 0.5.21
    optional: true

  tinyglobby@0.2.15:
    dependencies:
      fdir: 6.5.0(picomatch@4.0.4)
      picomatch: 4.0.4

  tinypool@2.0.0: {}

  typescript@5.9.3: {}

  vite@7.3.2(terser@5.31.1):
    dependencies:
      esbuild: 0.27.7
      fdir: 6.5.0(picomatch@4.0.4)
      picomatch: 4.0.4
      postcss: 8.5.8
      rollup: 4.60.1
      tinyglobby: 0.2.15
    optionalDependencies:
      fsevents: 2.3.3
      terser: 5.31.1
